
Microsoft Visual Studio Solution File, Format Version 12.00
# Visual Studio Version 16
VisualStudioVersion = 16.0.30225.117
MinimumVisualStudioVersion = 10.0.40219.1
Project("{9A19103F-16F7-4668-BE54-9A1E7A4F7556}") = "Derivas", "Derivas\Derivas.csproj", "{4A032496-BE89-494C-B093-70DB9299E9C9}"
EndProject
Project("{9A19103F-16F7-4668-BE54-9A1E7A4F7556}") = "DerivasTests", "DerivasTests\DerivasTests.csproj", "{5055A920-6269-44F2-B954-1763BF27CC30}"
EndProject
Global
	GlobalSection(SolutionConfigurationPlatforms) = preSolution
		Debug|Any CPU = Debug|Any CPU
		Release|Any CPU = Release|Any CPU
	EndGlobalSection
	GlobalSection(ProjectConfigurationPlatforms) = postSolution
		{4A032496-BE89-494C-B093-70DB9299E9C9}.Debug|Any CPU.ActiveCfg = Debug|Any CPU
		{4A032496-BE89-494C-B093-70DB9299E9C9}.Debug|Any CPU.Build.0 = Debug|Any CPU
		{4A032496-BE89-494C-B093-70DB9299E9C9}.Release|Any CPU.ActiveCfg = Release|Any CPU
		{4A032496-BE89-494C-B093-70DB9299E9C9}.Release|Any CPU.Build.0 = Release|Any CPU
		{5055A920-6269-44F2-B954-1763BF27CC30}.Debug|Any CPU.ActiveCfg = Debug|Any CPU
		{5055A920-6269-44F2-B954-1763BF27CC30}.Debug|Any CPU.Build.0 = Debug|Any CPU
		{5055A920-6269-44F2-B954-1763BF27CC30}.Release|Any CPU.ActiveCfg = Release|Any CPU
		{5055A920-6269-44F2-B954-1763BF27CC30}.Release|Any CPU.Build.0 = Release|Any CPU
	EndGlobalSection
	GlobalSection(SolutionProperties) = preSolution
		HideSolutionNode = FALSE
	EndGlobalSection
	GlobalSection(ExtensibilityGlobals) = postSolution
		SolutionGuid = {D65BC72B-A6D5-4142-ABEC-7563A73BA012}
	EndGlobalSection
EndGlobal
